
Microsoft Visual Studio Solution File, Format Version 12.00
# Visual Studio 14
VisualStudioVersion = 14.0.23107.0
MinimumVisualStudioVersion = 10.0.40219.1
Project("{FAE04EC0-301F-11D3-BF4B-00C04F79EFBC}") = "LIP2GIF", "LIP2GIF\LIP2GIF.csproj", "{D985633A-05F7-4411-A107-1563FE65380B}"
EndProject
Project("{6141683F-8A12-4E36-9623-2EB02B2C2303}") = "Installer", "Installer\Installer.isproj", "{BD91FA24-2B6A-4F5C-A00F-7B7C8BB468A1}"
EndProject
Global
	GlobalSection(SolutionConfigurationPlatforms) = preSolution
		CD_ROM|Any CPU = CD_ROM|Any CPU
		CD_ROM|x86 = CD_ROM|x86
		Debug|Any CPU = Debug|Any CPU
		Debug|x86 = Debug|x86
		DVD-5|Any CPU = DVD-5|Any CPU
		DVD-5|x86 = DVD-5|x86
		Release|Any CPU = Release|Any CPU
		Release|x86 = Release|x86
		SingleImage|Any CPU = SingleImage|Any CPU
		SingleImage|x86 = SingleImage|x86
	EndGlobalSection
	GlobalSection(ProjectConfigurationPlatforms) = postSolution
		{D985633A-05F7-4411-A107-1563FE65380B}.CD_ROM|Any CPU.ActiveCfg = Release|Any CPU
		{D985633A-05F7-4411-A107-1563FE65380B}.CD_ROM|Any CPU.Build.0 = Release|Any CPU
		{D985633A-05F7-4411-A107-1563FE65380B}.CD_ROM|x86.ActiveCfg = Release|x86
		{D985633A-05F7-4411-A107-1563FE65380B}.CD_ROM|x86.Build.0 = Release|x86
		{D985633A-05F7-4411-A107-1563FE65380B}.Debug|Any CPU.ActiveCfg = Debug|Any CPU
		{D985633A-05F7-4411-A107-1563FE65380B}.Debug|Any CPU.Build.0 = Debug|Any CPU
		{D985633A-05F7-4411-A107-1563FE65380B}.Debug|x86.ActiveCfg = Debug|x86
		{D985633A-05F7-4411-A107-1563FE65380B}.Debug|x86.Build.0 = Debug|x86
		{D985633A-05F7-4411-A107-1563FE65380B}.DVD-5|Any CPU.ActiveCfg = Debug|Any CPU
		{D985633A-05F7-4411-A107-1563FE65380B}.DVD-5|Any CPU.Build.0 = Debug|Any CPU
		{D985633A-05F7-4411-A107-1563FE65380B}.DVD-5|x86.ActiveCfg = Debug|x86
		{D985633A-05F7-4411-A107-1563FE65380B}.DVD-5|x86.Build.0 = Debug|x86
		{D985633A-05F7-4411-A107-1563FE65380B}.Release|Any CPU.ActiveCfg = Release|Any CPU
		{D985633A-05F7-4411-A107-1563FE65380B}.Release|Any CPU.Build.0 = Release|Any CPU
		{D985633A-05F7-4411-A107-1563FE65380B}.Release|x86.ActiveCfg = Release|x86
		{D985633A-05F7-4411-A107-1563FE65380B}.Release|x86.Build.0 = Release|x86
		{D985633A-05F7-4411-A107-1563FE65380B}.SingleImage|Any CPU.ActiveCfg = Release|Any CPU
		{D985633A-05F7-4411-A107-1563FE65380B}.SingleImage|Any CPU.Build.0 = Release|Any CPU
		{D985633A-05F7-4411-A107-1563FE65380B}.SingleImage|x86.ActiveCfg = Release|x86
		{D985633A-05F7-4411-A107-1563FE65380B}.SingleImage|x86.Build.0 = Release|x86
		{BD91FA24-2B6A-4F5C-A00F-7B7C8BB468A1}.CD_ROM|Any CPU.ActiveCfg = CD_ROM
		{BD91FA24-2B6A-4F5C-A00F-7B7C8BB468A1}.CD_ROM|Any CPU.Build.0 = CD_ROM
		{BD91FA24-2B6A-4F5C-A00F-7B7C8BB468A1}.CD_ROM|x86.ActiveCfg = CD_ROM
		{BD91FA24-2B6A-4F5C-A00F-7B7C8BB468A1}.CD_ROM|x86.Build.0 = CD_ROM
		{BD91FA24-2B6A-4F5C-A00F-7B7C8BB468A1}.Debug|Any CPU.ActiveCfg = DVD-5
		{BD91FA24-2B6A-4F5C-A00F-7B7C8BB468A1}.Debug|Any CPU.Build.0 = DVD-5
		{BD91FA24-2B6A-4F5C-A00F-7B7C8BB468A1}.Debug|x86.ActiveCfg = DVD-5
		{BD91FA24-2B6A-4F5C-A00F-7B7C8BB468A1}.Debug|x86.Build.0 = DVD-5
		{BD91FA24-2B6A-4F5C-A00F-7B7C8BB468A1}.DVD-5|Any CPU.ActiveCfg = DVD-5
		{BD91FA24-2B6A-4F5C-A00F-7B7C8BB468A1}.DVD-5|Any CPU.Build.0 = DVD-5
		{BD91FA24-2B6A-4F5C-A00F-7B7C8BB468A1}.DVD-5|x86.ActiveCfg = DVD-5
		{BD91FA24-2B6A-4F5C-A00F-7B7C8BB468A1}.DVD-5|x86.Build.0 = DVD-5
		{BD91FA24-2B6A-4F5C-A00F-7B7C8BB468A1}.Release|Any CPU.ActiveCfg = SingleImage
		{BD91FA24-2B6A-4F5C-A00F-7B7C8BB468A1}.Release|Any CPU.Build.0 = SingleImage
		{BD91FA24-2B6A-4F5C-A00F-7B7C8BB468A1}.Release|x86.ActiveCfg = SingleImage
		{BD91FA24-2B6A-4F5C-A00F-7B7C8BB468A1}.Release|x86.Build.0 = SingleImage
		{BD91FA24-2B6A-4F5C-A00F-7B7C8BB468A1}.SingleImage|Any CPU.ActiveCfg = SingleImage
		{BD91FA24-2B6A-4F5C-A00F-7B7C8BB468A1}.SingleImage|Any CPU.Build.0 = SingleImage
		{BD91FA24-2B6A-4F5C-A00F-7B7C8BB468A1}.SingleImage|x86.ActiveCfg = SingleImage
		{BD91FA24-2B6A-4F5C-A00F-7B7C8BB468A1}.SingleImage|x86.Build.0 = SingleImage
	EndGlobalSection
	GlobalSection(SolutionProperties) = preSolution
		HideSolutionNode = FALSE
	EndGlobalSection
EndGlobal
